
Microsoft Visual Studio Solution File, Format Version 12.00
# Visual Studio Version 16
VisualStudioVersion = 16.0.31624.102
MinimumVisualStudioVersion = 10.0.40219.1
Project("{FAE04EC0-301F-11D3-BF4B-00C04F79EFBC}") = "WpfTypesOfTriggers", "WpfTypesOfTriggers\WpfTypesOfTriggers.csproj", "{7EB532A3-D9E0-4662-B4AD-AC1A76C5684F}"
EndProject
Global
	GlobalSection(SolutionConfigurationPlatforms) = preSolution
		Debug|Any CPU = Debug|Any CPU
		Release|Any CPU = Release|Any CPU
	EndGlobalSection
	GlobalSection(ProjectConfigurationPlatforms) = postSolution
		{7EB532A3-D9E0-4662-B4AD-AC1A76C5684F}.Debug|Any CPU.ActiveCfg = Debug|Any CPU
		{7EB532A3-D9E0-4662-B4AD-AC1A76C5684F}.Debug|Any CPU.Build.0 = Debug|Any CPU
		{7EB532A3-D9E0-4662-B4AD-AC1A76C5684F}.Release|Any CPU.ActiveCfg = Release|Any CPU
		{7EB532A3-D9E0-4662-B4AD-AC1A76C5684F}.Release|Any CPU.Build.0 = Release|Any CPU
	EndGlobalSection
	GlobalSection(SolutionProperties) = preSolution
		HideSolutionNode = FALSE
	EndGlobalSection
	GlobalSection(ExtensibilityGlobals) = postSolution
		SolutionGuid = {0DA1EDCD-9026-4044-AFEE-270FA5BA2A14}
	EndGlobalSection
EndGlobal
